
Microsoft Visual Studio Solution File, Format Version 12.00
# Visual Studio Version 16
VisualStudioVersion = 16.0.30114.105
MinimumVisualStudioVersion = 10.0.40219.1
Project("{FAE04EC0-301F-11D3-BF4B-00C04F79EFBC}") = "TestsNUnit", "TestsNUnit\TestsNUnit.csproj", "{78708BA6-54C0-4618-9CEB-B2FA24796E0F}"
EndProject
Project("{FAE04EC0-301F-11D3-BF4B-00C04F79EFBC}") = "DigitalAudioWorkstation", "DigitalAudioWorkstation\DigitalAudioWorkstation.csproj", "{B1CAFD27-E964-4247-80CB-E3535E115296}"
EndProject
Project("{FAE04EC0-301F-11D3-BF4B-00C04F79EFBC}") = "TestsSpecFlow", "TestsSpecFlow\TestsSpecFlow.csproj", "{74346871-940B-4F69-B790-497A4FFFA245}"
EndProject
Global
	GlobalSection(SolutionConfigurationPlatforms) = preSolution
		Debug|Any CPU = Debug|Any CPU
		Release|Any CPU = Release|Any CPU
	EndGlobalSection
	GlobalSection(SolutionProperties) = preSolution
		HideSolutionNode = FALSE
	EndGlobalSection
	GlobalSection(ProjectConfigurationPlatforms) = postSolution
		{78708BA6-54C0-4618-9CEB-B2FA24796E0F}.Debug|Any CPU.ActiveCfg = Debug|Any CPU
		{78708BA6-54C0-4618-9CEB-B2FA24796E0F}.Debug|Any CPU.Build.0 = Debug|Any CPU
		{78708BA6-54C0-4618-9CEB-B2FA24796E0F}.Release|Any CPU.ActiveCfg = Release|Any CPU
		{78708BA6-54C0-4618-9CEB-B2FA24796E0F}.Release|Any CPU.Build.0 = Release|Any CPU
		{B1CAFD27-E964-4247-80CB-E3535E115296}.Debug|Any CPU.ActiveCfg = Debug|Any CPU
		{B1CAFD27-E964-4247-80CB-E3535E115296}.Debug|Any CPU.Build.0 = Debug|Any CPU
		{B1CAFD27-E964-4247-80CB-E3535E115296}.Release|Any CPU.ActiveCfg = Release|Any CPU
		{B1CAFD27-E964-4247-80CB-E3535E115296}.Release|Any CPU.Build.0 = Release|Any CPU
		{74346871-940B-4F69-B790-497A4FFFA245}.Debug|Any CPU.ActiveCfg = Debug|Any CPU
		{74346871-940B-4F69-B790-497A4FFFA245}.Debug|Any CPU.Build.0 = Debug|Any CPU
		{74346871-940B-4F69-B790-497A4FFFA245}.Release|Any CPU.ActiveCfg = Release|Any CPU
		{74346871-940B-4F69-B790-497A4FFFA245}.Release|Any CPU.Build.0 = Release|Any CPU
	EndGlobalSection
EndGlobal
